// !$*UTF8*$!
{
	archiveVersion = 1;
	classes = {
	};
	objectVersion = 46;
	objects = {

/* Begin PBXBuildFile section */
		1F15CD211D124CC000CC23B8 /* HttpNewTool.m in Sources */ = {isa = PBXBuildFile; fileRef = 1F15CD201D124CC000CC23B8 /* HttpNewTool.m */; };
		1F15CD241D124CD500CC23B8 /* ResponseObject.m in Sources */ = {isa = PBXBuildFile; fileRef = 1F15CD231D124CD500CC23B8 /* ResponseObject.m */; };
		1F15CD301D124E6B00CC23B8 /* CoreStatus.m in Sources */ = {isa = PBXBuildFile; fileRef = 1F15CD271D124E6B00CC23B8 /* CoreStatus.m */; };
		1F15CD311D124E6B00CC23B8 /* Reachability.m in Sources */ = {isa = PBXBuildFile; fileRef = 1F15CD2D1D124E6B00CC23B8 /* Reachability.m */; };
		1F15CD331D125C3E00CC23B8 /* libAFNetworking.a in Frameworks */ = {isa = PBXBuildFile; fileRef = 1F15CD321D125C3E00CC23B8 /* libAFNetworking.a */; };
		1F7CE7441D1108280000F7D6 /* libz.tbd in Frameworks */ = {isa = PBXBuildFile; fileRef = 1F7CE7431D1108280000F7D6 /* libz.tbd */; };
		1F7CE74B1D110AE30000F7D6 /* SSKeychain.m in Sources */ = {isa = PBXBuildFile; fileRef = 1F7CE7481D110AE30000F7D6 /* SSKeychain.m */; };
		1F7CE74C1D110AE30000F7D6 /* UUID.m in Sources */ = {isa = PBXBuildFile; fileRef = 1F7CE74A1D110AE30000F7D6 /* UUID.m */; };
		1F7CE7561D112D440000F7D6 /* UIColor+Extension.m in Sources */ = {isa = PBXBuildFile; fileRef = 1F7CE7551D112D440000F7D6 /* UIColor+Extension.m */; };
		1F7CE7591D112DC00000F7D6 /* UIView+Frame.m in Sources */ = {isa = PBXBuildFile; fileRef = 1F7CE7581D112DC00000F7D6 /* UIView+Frame.m */; };
		1F7CE75D1D113EB70000F7D6 /* ViewController.m in Sources */ = {isa = PBXBuildFile; fileRef = 1F7CE75C1D113EB70000F7D6 /* ViewController.m */; };
		1FC5F2D41CFEC76F00AE32FA /* main.m in Sources */ = {isa = PBXBuildFile; fileRef = 1FC5F2D31CFEC76F00AE32FA /* main.m */; };
		1FC5F2D71CFEC76F00AE32FA /* AppDelegate.m in Sources */ = {isa = PBXBuildFile; fileRef = 1FC5F2D61CFEC76F00AE32FA /* AppDelegate.m */; };
		1FC5F2DF1CFEC76F00AE32FA /* Assets.xcassets in Resources */ = {isa = PBXBuildFile; fileRef = 1FC5F2DE1CFEC76F00AE32FA /* Assets.xcassets */; };
		1FC5F2E21CFEC76F00AE32FA /* LaunchScreen.storyboard in Resources */ = {isa = PBXBuildFile; fileRef = 1FC5F2E01CFEC76F00AE32FA /* LaunchScreen.storyboard */; };
		1FC5F2EA1CFED85300AE32FA /* Podfile in Resources */ = {isa = PBXBuildFile; fileRef = 1FC5F2E91CFED85300AE32FA /* Podfile */; };
		EDE05CF391D8D54724BF4F0D /* libPods-TestProject.a in Frameworks */ = {isa = PBXBuildFile; fileRef = BB39EA8625701129AE34518C /* libPods-TestProject.a */; };
/* End PBXBuildFile section */

/* Begin PBXFileReference section */
		1F15CD1F1D124CC000CC23B8 /* HttpNewTool.h */ = {isa = PBXFileReference; fileEncoding = 4; lastKnownFileType = sourcecode.c.h; path = HttpNewTool.h; sourceTree = "<group>"; };
		1F15CD201D124CC000CC23B8 /* HttpNewTool.m */ = {isa = PBXFileReference; fileEncoding = 4; lastKnownFileType = sourcecode.c.objc; path = HttpNewTool.m; sourceTree = "<group>"; };
		1F15CD221D124CD500CC23B8 /* ResponseObject.h */ = {isa = PBXFileReference; fileEncoding = 4; lastKnownFileType = sourcecode.c.h; path = ResponseObject.h; sourceTree = "<group>"; };
		1F15CD231D124CD500CC23B8 /* ResponseObject.m */ = {isa = PBXFileReference; fileEncoding = 4; lastKnownFileType = sourcecode.c.objc; path = ResponseObject.m; sourceTree = "<group>"; };
		1F15CD261D124E6B00CC23B8 /* CoreStatus.h */ = {isa = PBXFileReference; fileEncoding = 4; lastKnownFileType = sourcecode.c.h; path = CoreStatus.h; sourceTree = "<group>"; };
		1F15CD271D124E6B00CC23B8 /* CoreStatus.m */ = {isa = PBXFileReference; fileEncoding = 4; lastKnownFileType = sourcecode.c.objc; path = CoreStatus.m; sourceTree = "<group>"; };
		1F15CD291D124E6B00CC23B8 /* CoreNetworkStatus.h */ = {isa = PBXFileReference; fileEncoding = 4; lastKnownFileType = sourcecode.c.h; path = CoreNetworkStatus.h; sourceTree = "<group>"; };
		1F15CD2A1D124E6B00CC23B8 /* CoreStatusProtocol.h */ = {isa = PBXFileReference; fileEncoding = 4; lastKnownFileType = sourcecode.c.h; path = CoreStatusProtocol.h; sourceTree = "<group>"; };
		1F15CD2C1D124E6B00CC23B8 /* Reachability.h */ = {isa = PBXFileReference; fileEncoding = 4; lastKnownFileType = sourcecode.c.h; path = Reachability.h; sourceTree = "<group>"; };
		1F15CD2D1D124E6B00CC23B8 /* Reachability.m */ = {isa = PBXFileReference; fileEncoding = 4; lastKnownFileType = sourcecode.c.objc; path = Reachability.m; sourceTree = "<group>"; };
		1F15CD2F1D124E6B00CC23B8 /* CoreStatusSingleton.h */ = {isa = PBXFileReference; fileEncoding = 4; lastKnownFileType = sourcecode.c.h; path = CoreStatusSingleton.h; sourceTree = "<group>"; };
		1F15CD321D125C3E00CC23B8 /* libAFNetworking.a */ = {isa = PBXFileReference; lastKnownFileType = archive.ar; name = libAFNetworking.a; path = "Pods/../build/Debug-iphoneos/AFNetworking/libAFNetworking.a"; sourceTree = "<group>"; };
		1F7CE7431D1108280000F7D6 /* libz.tbd */ = {isa = PBXFileReference; lastKnownFileType = "sourcecode.text-based-dylib-definition"; name = libz.tbd; path = usr/lib/libz.tbd; sourceTree = SDKROOT; };
		1F7CE7471D110AE30000F7D6 /* SSKeychain.h */ = {isa = PBXFileReference; fileEncoding = 4; lastKnownFileType = sourcecode.c.h; path = SSKeychain.h; sourceTree = "<group>"; };
		1F7CE7481D110AE30000F7D6 /* SSKeychain.m */ = {isa = PBXFileReference; fileEncoding = 4; lastKnownFileType = sourcecode.c.objc; path = SSKeychain.m; sourceTree = "<group>"; };
		1F7CE7491D110AE30000F7D6 /* UUID.h */ = {isa = PBXFileReference; fileEncoding = 4; lastKnownFileType = sourcecode.c.h; path = UUID.h; sourceTree = "<group>"; };
		1F7CE74A1D110AE30000F7D6 /* UUID.m */ = {isa = PBXFileReference; fileEncoding = 4; lastKnownFileType = sourcecode.c.objc; path = UUID.m; sourceTree = "<group>"; };
		1F7CE74E1D1128A00000F7D6 /* ApiMacro.h */ = {isa = PBXFileReference; fileEncoding = 4; lastKnownFileType = sourcecode.c.h; path = ApiMacro.h; sourceTree = "<group>"; };
		1F7CE74F1D1128A00000F7D6 /* AppConfig.h */ = {isa = PBXFileReference; fileEncoding = 4; lastKnownFileType = sourcecode.c.h; path = AppConfig.h; sourceTree = "<group>"; };
		1F7CE7501D1128A00000F7D6 /* DefineMacro.h */ = {isa = PBXFileReference; fileEncoding = 4; lastKnownFileType = sourcecode.c.h; path = DefineMacro.h; sourceTree = "<group>"; };
		1F7CE7511D1128A00000F7D6 /* NotificationMacro.h */ = {isa = PBXFileReference; fileEncoding = 4; lastKnownFileType = sourcecode.c.h; path = NotificationMacro.h; sourceTree = "<group>"; };
		1F7CE7521D1128A00000F7D6 /* Prefix.pch */ = {isa = PBXFileReference; fileEncoding = 4; lastKnownFileType = sourcecode.c.h; path = Prefix.pch; sourceTree = "<group>"; };
		1F7CE7541D112D440000F7D6 /* UIColor+Extension.h */ = {isa = PBXFileReference; fileEncoding = 4; lastKnownFileType = sourcecode.c.h; path = "UIColor+Extension.h"; sourceTree = "<group>"; };
		1F7CE7551D112D440000F7D6 /* UIColor+Extension.m */ = {isa = PBXFileReference; fileEncoding = 4; lastKnownFileType = sourcecode.c.objc; path = "UIColor+Extension.m"; sourceTree = "<group>"; };
		1F7CE7571D112DC00000F7D6 /* UIView+Frame.h */ = {isa = PBXFileReference; fileEncoding = 4; lastKnownFileType = sourcecode.c.h; path = "UIView+Frame.h"; sourceTree = "<group>"; };
		1F7CE7581D112DC00000F7D6 /* UIView+Frame.m */ = {isa = PBXFileReference; fileEncoding = 4; lastKnownFileType = sourcecode.c.objc; path = "UIView+Frame.m"; sourceTree = "<group>"; };
		1F7CE75B1D113EB70000F7D6 /* ViewController.h */ = {isa = PBXFileReference; fileEncoding = 4; lastKnownFileType = sourcecode.c.h; path = ViewController.h; sourceTree = "<group>"; };
		1F7CE75C1D113EB70000F7D6 /* ViewController.m */ = {isa = PBXFileReference; fileEncoding = 4; lastKnownFileType = sourcecode.c.objc; path = ViewController.m; sourceTree = "<group>"; };
		1FC5F2CF1CFEC76F00AE32FA /* TestProject.app */ = {isa = PBXFileReference; explicitFileType = wrapper.application; includeInIndex = 0; path = TestProject.app; sourceTree = BUILT_PRODUCTS_DIR; };
		1FC5F2D31CFEC76F00AE32FA /* main.m */ = {isa = PBXFileReference; lastKnownFileType = sourcecode.c.objc; path = main.m; sourceTree = "<group>"; };
		1FC5F2D51CFEC76F00AE32FA /* AppDelegate.h */ = {isa = PBXFileReference; lastKnownFileType = sourcecode.c.h; path = AppDelegate.h; sourceTree = "<group>"; };
		1FC5F2D61CFEC76F00AE32FA /* AppDelegate.m */ = {isa = PBXFileReference; lastKnownFileType = sourcecode.c.objc; path = AppDelegate.m; sourceTree = "<group>"; };
		1FC5F2DE1CFEC76F00AE32FA /* Assets.xcassets */ = {isa = PBXFileReference; lastKnownFileType = folder.assetcatalog; path = Assets.xcassets; sourceTree = "<group>"; };
		1FC5F2E11CFEC76F00AE32FA /* Base */ = {isa = PBXFileReference; lastKnownFileType = file.storyboard; name = Base; path = Base.lproj/LaunchScreen.storyboard; sourceTree = "<group>"; };
		1FC5F2E31CFEC76F00AE32FA /* Info.plist */ = {isa = PBXFileReference; lastKnownFileType = text.plist.xml; path = Info.plist; sourceTree = "<group>"; };
		1FC5F2E91CFED85300AE32FA /* Podfile */ = {isa = PBXFileReference; fileEncoding = 4; lastKnownFileType = text; name = Podfile; path = ../Podfile; sourceTree = "<group>"; xcLanguageSpecificationIdentifier = xcode.lang.ruby; };
		4D1796C703F86798BBD4C74F /* Pods-TestProject.release.xcconfig */ = {isa = PBXFileReference; includeInIndex = 1; lastKnownFileType = text.xcconfig; name = "Pods-TestProject.release.xcconfig"; path = "Pods/Target Support Files/Pods-TestProject/Pods-TestProject.release.xcconfig"; sourceTree = "<group>"; };
		BB39EA8625701129AE34518C /* libPods-TestProject.a */ = {isa = PBXFileReference; explicitFileType = archive.ar; includeInIndex = 0; path = "libPods-TestProject.a"; sourceTree = BUILT_PRODUCTS_DIR; };
		CE81B2B62840AB4C7A647CF7 /* Pods-TestProject.debug.xcconfig */ = {isa = PBXFileReference; includeInIndex = 1; lastKnownFileType = text.xcconfig; name = "Pods-TestProject.debug.xcconfig"; path = "Pods/Target Support Files/Pods-TestProject/Pods-TestProject.debug.xcconfig"; sourceTree = "<group>"; };
/* End PBXFileReference section */

/* Begin PBXFrameworksBuildPhase section */
		1FC5F2CC1CFEC76E00AE32FA /* Frameworks */ = {
			isa = PBXFrameworksBuildPhase;
			buildActionMask = 2147483647;
			files = (
				1F15CD331D125C3E00CC23B8 /* libAFNetworking.a in Frameworks */,
				1F7CE7441D1108280000F7D6 /* libz.tbd in Frameworks */,
				EDE05CF391D8D54724BF4F0D /* libPods-TestProject.a in Frameworks */,
			);
			runOnlyForDeploymentPostprocessing = 0;
		};
/* End PBXFrameworksBuildPhase section */

/* Begin PBXGroup section */
		0A4B597F7DE43B82382AD278 /* Frameworks */ = {
			isa = PBXGroup;
			children = (
				1F15CD321D125C3E00CC23B8 /* libAFNetworking.a */,
				1F7CE7431D1108280000F7D6 /* libz.tbd */,
				BB39EA8625701129AE34518C /* libPods-TestProject.a */,
			);
			name = Frameworks;
			sourceTree = "<group>";
		};
		1F15CD1E1D124CA100CC23B8 /* HttpNetwork */ = {
			isa = PBXGroup;
			children = (
				1F15CD221D124CD500CC23B8 /* ResponseObject.h */,
				1F15CD231D124CD500CC23B8 /* ResponseObject.m */,
				1F15CD1F1D124CC000CC23B8 /* HttpNewTool.h */,
				1F15CD201D124CC000CC23B8 /* HttpNewTool.m */,
			);
			path = HttpNetwork;
			sourceTree = "<group>";
		};
		1F15CD251D124E6B00CC23B8 /* CoreStatus */ = {
			isa = PBXGroup;
			children = (
				1F15CD261D124E6B00CC23B8 /* CoreStatus.h */,
				1F15CD271D124E6B00CC23B8 /* CoreStatus.m */,
				1F15CD281D124E6B00CC23B8 /* Lib */,
			);
			path = CoreStatus;
			sourceTree = "<group>";
		};
		1F15CD281D124E6B00CC23B8 /* Lib */ = {
			isa = PBXGroup;
			children = (
				1F15CD291D124E6B00CC23B8 /* CoreNetworkStatus.h */,
				1F15CD2A1D124E6B00CC23B8 /* CoreStatusProtocol.h */,
				1F15CD2B1D124E6B00CC23B8 /* Reachability */,
				1F15CD2E1D124E6B00CC23B8 /* Singleton */,
			);
			path = Lib;
			sourceTree = "<group>";
		};
		1F15CD2B1D124E6B00CC23B8 /* Reachability */ = {
			isa = PBXGroup;
			children = (
				1F15CD2C1D124E6B00CC23B8 /* Reachability.h */,
				1F15CD2D1D124E6B00CC23B8 /* Reachability.m */,
			);
			path = Reachability;
			sourceTree = "<group>";
		};
		1F15CD2E1D124E6B00CC23B8 /* Singleton */ = {
			isa = PBXGroup;
			children = (
				1F15CD2F1D124E6B00CC23B8 /* CoreStatusSingleton.h */,
			);
			path = Singleton;
			sourceTree = "<group>";
		};
		1F7CE7451D110AE30000F7D6 /* Utility */ = {
			isa = PBXGroup;
			children = (
				1F15CD251D124E6B00CC23B8 /* CoreStatus */,
				1F7CE7461D110AE30000F7D6 /* UUID */,
			);
			path = Utility;
			sourceTree = "<group>";
		};
		1F7CE7461D110AE30000F7D6 /* UUID */ = {
			isa = PBXGroup;
			children = (
				1F7CE7471D110AE30000F7D6 /* SSKeychain.h */,
				1F7CE7481D110AE30000F7D6 /* SSKeychain.m */,
				1F7CE7491D110AE30000F7D6 /* UUID.h */,
				1F7CE74A1D110AE30000F7D6 /* UUID.m */,
			);
			path = UUID;
			sourceTree = "<group>";
		};
		1F7CE74D1D1128A00000F7D6 /* Macro */ = {
			isa = PBXGroup;
			children = (
				1F7CE7521D1128A00000F7D6 /* Prefix.pch */,
				1F7CE74F1D1128A00000F7D6 /* AppConfig.h */,
				1F7CE7501D1128A00000F7D6 /* DefineMacro.h */,
				1F7CE74E1D1128A00000F7D6 /* ApiMacro.h */,
				1F7CE7511D1128A00000F7D6 /* NotificationMacro.h */,
			);
			path = Macro;
			sourceTree = "<group>";
		};
		1F7CE7531D112D440000F7D6 /* Category */ = {
			isa = PBXGroup;
			children = (
				1F7CE7541D112D440000F7D6 /* UIColor+Extension.h */,
				1F7CE7551D112D440000F7D6 /* UIColor+Extension.m */,
				1F7CE7571D112DC00000F7D6 /* UIView+Frame.h */,
				1F7CE7581D112DC00000F7D6 /* UIView+Frame.m */,
			);
			path = Category;
			sourceTree = "<group>";
		};
		1F7CE75A1D113EB70000F7D6 /* Component */ = {
			isa = PBXGroup;
			children = (
				1F7CE75B1D113EB70000F7D6 /* ViewController.h */,
				1F7CE75C1D113EB70000F7D6 /* ViewController.m */,
			);
			path = Component;
			sourceTree = "<group>";
		};
		1FC5F2C61CFEC76E00AE32FA = {
			isa = PBXGroup;
			children = (
				1FC5F2D11CFEC76F00AE32FA /* TestProject */,
				1FC5F2D01CFEC76F00AE32FA /* Products */,
				66EA69B34E42BB4283A5BFBE /* Pods */,
				0A4B597F7DE43B82382AD278 /* Frameworks */,
			);
			sourceTree = "<group>";
		};
		1FC5F2D01CFEC76F00AE32FA /* Products */ = {
			isa = PBXGroup;
			children = (
				1FC5F2CF1CFEC76F00AE32FA /* TestProject.app */,
			);
			name = Products;
			sourceTree = "<group>";
		};
		1FC5F2D11CFEC76F00AE32FA /* TestProject */ = {
			isa = PBXGroup;
			children = (
				1FC5F2D51CFEC76F00AE32FA /* AppDelegate.h */,
				1FC5F2D61CFEC76F00AE32FA /* AppDelegate.m */,
				1F15CD1E1D124CA100CC23B8 /* HttpNetwork */,
				1F7CE7531D112D440000F7D6 /* Category */,
				1F7CE74D1D1128A00000F7D6 /* Macro */,
				1F7CE7451D110AE30000F7D6 /* Utility */,
				1F7CE75A1D113EB70000F7D6 /* Component */,
				1FC5F2DE1CFEC76F00AE32FA /* Assets.xcassets */,
				1FC5F2E01CFEC76F00AE32FA /* LaunchScreen.storyboard */,
				1FC5F2E31CFEC76F00AE32FA /* Info.plist */,
				1FC5F2D21CFEC76F00AE32FA /* Supporting Files */,
			);
			path = TestProject;
			sourceTree = "<group>";
		};
		1FC5F2D21CFEC76F00AE32FA /* Supporting Files */ = {
			isa = PBXGroup;
			children = (
				1FC5F2E91CFED85300AE32FA /* Podfile */,
				1FC5F2D31CFEC76F00AE32FA /* main.m */,
			);
			name = "Supporting Files";
			sourceTree = "<group>";
		};
		66EA69B34E42BB4283A5BFBE /* Pods */ = {
			isa = PBXGroup;
			children = (
				CE81B2B62840AB4C7A647CF7 /* Pods-TestProject.debug.xcconfig */,
				4D1796C703F86798BBD4C74F /* Pods-TestProject.release.xcconfig */,
			);
			name = Pods;
			sourceTree = "<group>";
		};
/* End PBXGroup section */

/* Begin PBXNativeTarget section */
		1FC5F2CE1CFEC76E00AE32FA /* TestProject */ = {
			isa = PBXNativeTarget;
			buildConfigurationList = 1FC5F2E61CFEC76F00AE32FA /* Build configuration list for PBXNativeTarget "TestProject" */;
			buildPhases = (
				298F5593605261CB1B3EBD26 /* 📦 Check Pods Manifest.lock */,
				1FC5F2CB1CFEC76E00AE32FA /* Sources */,
				1FC5F2CC1CFEC76E00AE32FA /* Frameworks */,
				1FC5F2CD1CFEC76E00AE32FA /* Resources */,
				5CB498DD009F8B622FBEC691 /* 📦 Embed Pods Frameworks */,
				28BA568256888C20A9928FED /* 📦 Copy Pods Resources */,
			);
			buildRules = (
			);
			dependencies = (
			);
			name = TestProject;
			productName = TestProject;
			productReference = 1FC5F2CF1CFEC76F00AE32FA /* TestProject.app */;
			productType = "com.apple.product-type.application";
		};
/* End PBXNativeTarget section */

/* Begin PBXProject section */
		1FC5F2C71CFEC76E00AE32FA /* Project object */ = {
			isa = PBXProject;
			attributes = {
				LastUpgradeCheck = 0720;
				ORGANIZATIONNAME = "九指天下";
				TargetAttributes = {
					1FC5F2CE1CFEC76E00AE32FA = {
						CreatedOnToolsVersion = 7.2;
					};
				};
			};
			buildConfigurationList = 1FC5F2CA1CFEC76E00AE32FA /* Build configuration list for PBXProject "TestProject" */;
			compatibilityVersion = "Xcode 3.2";
			developmentRegion = English;
			hasScannedForEncodings = 0;
			knownRegions = (
				en,
				Base,
			);
			mainGroup = 1FC5F2C61CFEC76E00AE32FA;
			productRefGroup = 1FC5F2D01CFEC76F00AE32FA /* Products */;
			projectDirPath = "";
			projectRoot = "";
			targets = (
				1FC5F2CE1CFEC76E00AE32FA /* TestProject */,
			);
		};
/* End PBXProject section */

/* Begin PBXResourcesBuildPhase section */
		1FC5F2CD1CFEC76E00AE32FA /* Resources */ = {
			isa = PBXResourcesBuildPhase;
			buildActionMask = 2147483647;
			files = (
				1FC5F2E21CFEC76F00AE32FA /* LaunchScreen.storyboard in Resources */,
				1FC5F2DF1CFEC76F00AE32FA /* Assets.xcassets in Resources */,
				1FC5F2EA1CFED85300AE32FA /* Podfile in Resources */,
			);
			runOnlyForDeploymentPostprocessing = 0;
		};
/* End PBXResourcesBuildPhase section */

/* Begin PBXShellScriptBuildPhase section */
		28BA568256888C20A9928FED /* 📦 Copy Pods Resources */ = {
			isa = PBXShellScriptBuildPhase;
			buildActionMask = 2147483647;
			files = (
			);
			inputPaths = (
			);
			name = "📦 Copy Pods Resources";
			outputPaths = (
			);
			runOnlyForDeploymentPostprocessing = 0;
			shellPath = /bin/sh;
			shellScript = "\"${SRCROOT}/Pods/Target Support Files/Pods-TestProject/Pods-TestProject-resources.sh\"\n";
			showEnvVarsInLog = 0;
		};
		298F5593605261CB1B3EBD26 /* 📦 Check Pods Manifest.lock */ = {
			isa = PBXShellScriptBuildPhase;
			buildActionMask = 2147483647;
			files = (
			);
			inputPaths = (
			);
			name = "📦 Check Pods Manifest.lock";
			outputPaths = (
			);
			runOnlyForDeploymentPostprocessing = 0;
			shellPath = /bin/sh;
			shellScript = "diff \"${PODS_ROOT}/../Podfile.lock\" \"${PODS_ROOT}/Manifest.lock\" > /dev/null\nif [[ $? != 0 ]] ; then\n    cat << EOM\nerror: The sandbox is not in sync with the Podfile.lock. Run 'pod install' or update your CocoaPods installation.\nEOM\n    exit 1\nfi\n";
			showEnvVarsInLog = 0;
		};
		5CB498DD009F8B622FBEC691 /* 📦 Embed Pods Frameworks */ = {
			isa = PBXShellScriptBuildPhase;
			buildActionMask = 2147483647;
			files = (
			);
			inputPaths = (
			);
			name = "📦 Embed Pods Frameworks";
			outputPaths = (
			);
			runOnlyForDeploymentPostprocessing = 0;
			shellPath = /bin/sh;
			shellScript = "\"${SRCROOT}/Pods/Target Support Files/Pods-TestProject/Pods-TestProject-frameworks.sh\"\n";
			showEnvVarsInLog = 0;
		};
/* End PBXShellScriptBuildPhase section */

/* Begin PBXSourcesBuildPhase section */
		1FC5F2CB1CFEC76E00AE32FA /* Sources */ = {
			isa = PBXSourcesBuildPhase;
			buildActionMask = 2147483647;
			files = (
				1F15CD211D124CC000CC23B8 /* HttpNewTool.m in Sources */,
				1F7CE75D1D113EB70000F7D6 /* ViewController.m in Sources */,
				1F7CE74C1D110AE30000F7D6 /* UUID.m in Sources */,
				1F15CD311D124E6B00CC23B8 /* Reachability.m in Sources */,
				1F7CE7561D112D440000F7D6 /* UIColor+Extension.m in Sources */,
				1F15CD241D124CD500CC23B8 /* ResponseObject.m in Sources */,
				1F7CE7591D112DC00000F7D6 /* UIView+Frame.m in Sources */,
				1F7CE74B1D110AE30000F7D6 /* SSKeychain.m in Sources */,
				1FC5F2D71CFEC76F00AE32FA /* AppDelegate.m in Sources */,
				1F15CD301D124E6B00CC23B8 /* CoreStatus.m in Sources */,
				1FC5F2D41CFEC76F00AE32FA /* main.m in Sources */,
			);
			runOnlyForDeploymentPostprocessing = 0;
		};
/* End PBXSourcesBuildPhase section */

/* Begin PBXVariantGroup section */
		1FC5F2E01CFEC76F00AE32FA /* LaunchScreen.storyboard */ = {
			isa = PBXVariantGroup;
			children = (
				1FC5F2E11CFEC76F00AE32FA /* Base */,
			);
			name = LaunchScreen.storyboard;
			sourceTree = "<group>";
		};
/* End PBXVariantGroup section */

/* Begin XCBuildConfiguration section */
		1FC5F2E41CFEC76F00AE32FA /* Debug */ = {
			isa = XCBuildConfiguration;
			buildSettings = {
				ALWAYS_SEARCH_USER_PATHS = NO;
				CLANG_CXX_LANGUAGE_STANDARD = "gnu++0x";
				CLANG_CXX_LIBRARY = "libc++";
				CLANG_ENABLE_MODULES = YES;
				CLANG_ENABLE_OBJC_ARC = YES;
				CLANG_WARN_BOOL_CONVERSION = YES;
				CLANG_WARN_CONSTANT_CONVERSION = YES;
				CLANG_WARN_DIRECT_OBJC_ISA_USAGE = YES_ERROR;
				CLANG_WARN_EMPTY_BODY = YES;
				CLANG_WARN_ENUM_CONVERSION = YES;
				CLANG_WARN_INT_CONVERSION = YES;
				CLANG_WARN_OBJC_ROOT_CLASS = YES_ERROR;
				CLANG_WARN_UNREACHABLE_CODE = YES;
				CLANG_WARN__DUPLICATE_METHOD_MATCH = YES;
				CODE_SIGN_IDENTITY = "iPhone Distribution: shenzhen 9zhitx technology Co.,Ltd";
				"CODE_SIGN_IDENTITY[sdk=iphoneos*]" = "iPhone Distribution: shenzhen 9zhitx technology Co.,Ltd";
				COPY_PHASE_STRIP = NO;
				DEBUG_INFORMATION_FORMAT = dwarf;
				ENABLE_STRICT_OBJC_MSGSEND = YES;
				ENABLE_TESTABILITY = YES;
				GCC_C_LANGUAGE_STANDARD = gnu99;
				GCC_DYNAMIC_NO_PIC = NO;
				GCC_NO_COMMON_BLOCKS = YES;
				GCC_OPTIMIZATION_LEVEL = 0;
				GCC_PREPROCESSOR_DEFINITIONS = (
					"DEBUG=1",
					"$(inherited)",
				);
				GCC_WARN_64_TO_32_BIT_CONVERSION = YES;
				GCC_WARN_ABOUT_RETURN_TYPE = YES_ERROR;
				GCC_WARN_UNDECLARED_SELECTOR = YES;
				GCC_WARN_UNINITIALIZED_AUTOS = YES_AGGRESSIVE;
				GCC_WARN_UNUSED_FUNCTION = YES;
				GCC_WARN_UNUSED_VARIABLE = YES;
				IPHONEOS_DEPLOYMENT_TARGET = 7.0;
				MTL_ENABLE_DEBUG_INFO = YES;
				ONLY_ACTIVE_ARCH = YES;
				SDKROOT = iphoneos;
			};
			name = Debug;
		};
		1FC5F2E51CFEC76F00AE32FA /* Release */ = {
			isa = XCBuildConfiguration;
			buildSettings = {
				ALWAYS_SEARCH_USER_PATHS = NO;
				CLANG_CXX_LANGUAGE_STANDARD = "gnu++0x";
				CLANG_CXX_LIBRARY = "libc++";
				CLANG_ENABLE_MODULES = YES;
				CLANG_ENABLE_OBJC_ARC = YES;
				CLANG_WARN_BOOL_CONVERSION = YES;
				CLANG_WARN_CONSTANT_CONVERSION = YES;
				CLANG_WARN_DIRECT_OBJC_ISA_USAGE = YES_ERROR;
				CLANG_WARN_EMPTY_BODY = YES;
				CLANG_WARN_ENUM_CONVERSION = YES;
				CLANG_WARN_INT_CONVERSION = YES;
				CLANG_WARN_OBJC_ROOT_CLASS = YES_ERROR;
				CLANG_WARN_UNREACHABLE_CODE = YES;
				CLANG_WARN__DUPLICATE_METHOD_MATCH = YES;
				CODE_SIGN_IDENTITY = "iPhone Distribution: shenzhen 9zhitx technology Co.,Ltd";
				"CODE_SIGN_IDENTITY[sdk=iphoneos*]" = "iPhone Distribution: shenzhen 9zhitx technology Co.,Ltd";
				COPY_PHASE_STRIP = NO;
				DEBUG_INFORMATION_FORMAT = "dwarf-with-dsym";
				ENABLE_NS_ASSERTIONS = NO;
				ENABLE_STRICT_OBJC_MSGSEND = YES;
				GCC_C_LANGUAGE_STANDARD = gnu99;
				GCC_NO_COMMON_BLOCKS = YES;
				GCC_WARN_64_TO_32_BIT_CONVERSION = YES;
				GCC_WARN_ABOUT_RETURN_TYPE = YES_ERROR;
				GCC_WARN_UNDECLARED_SELECTOR = YES;
				GCC_WARN_UNINITIALIZED_AUTOS = YES_AGGRESSIVE;
				GCC_WARN_UNUSED_FUNCTION = YES;
				GCC_WARN_UNUSED_VARIABLE = YES;
				IPHONEOS_DEPLOYMENT_TARGET = 7.0;
				MTL_ENABLE_DEBUG_INFO = NO;
				SDKROOT = iphoneos;
				VALIDATE_PRODUCT = YES;
			};
			name = Release;
		};
		1FC5F2E71CFEC76F00AE32FA /* Debug */ = {
			isa = XCBuildConfiguration;
			baseConfigurationReference = CE81B2B62840AB4C7A647CF7 /* Pods-TestProject.debug.xcconfig */;
			buildSettings = {
				ASSETCATALOG_COMPILER_APPICON_NAME = AppIcon;
				FRAMEWORK_SEARCH_PATHS = (
					"$(inherited)",
					"$(PROJECT_DIR)",
				);
				GCC_PREFIX_HEADER = TestProject/Macro/Prefix.pch;
				INFOPLIST_FILE = TestProject/Info.plist;
				IPHONEOS_DEPLOYMENT_TARGET = 8.0;
				LD_RUNPATH_SEARCH_PATHS = "$(inherited) @executable_path/Frameworks";
				LIBRARY_SEARCH_PATHS = "$(inherited)";
				OTHER_LDFLAGS = (
					"-ObjC",
					"-framework",
					Reveal,
				);
				PRODUCT_BUNDLE_IDENTIFIER = com.jiuzhitx.TestProject;
				PRODUCT_NAME = "$(TARGET_NAME)";
			};
			name = Debug;
		};
		1FC5F2E81CFEC76F00AE32FA /* Release */ = {
			isa = XCBuildConfiguration;
			baseConfigurationReference = 4D1796C703F86798BBD4C74F /* Pods-TestProject.release.xcconfig */;
			buildSettings = {
				ASSETCATALOG_COMPILER_APPICON_NAME = AppIcon;
				FRAMEWORK_SEARCH_PATHS = (
					"$(inherited)",
					"$(PROJECT_DIR)",
				);
				GCC_PREFIX_HEADER = TestProject/Macro/Prefix.pch;
				INFOPLIST_FILE = TestProject/Info.plist;
				IPHONEOS_DEPLOYMENT_TARGET = 8.0;
				LD_RUNPATH_SEARCH_PATHS = "$(inherited) @executable_path/Frameworks";
				LIBRARY_SEARCH_PATHS = "$(inherited)";
				OTHER_LDFLAGS = (
					"-ObjC",
					"-framework",
					Reveal,
				);
				PRODUCT_BUNDLE_IDENTIFIER = com.jiuzhitx.TestProject;
				PRODUCT_NAME = "$(TARGET_NAME)";
			};
			name = Release;
		};
/* End XCBuildConfiguration section */

/* Begin XCConfigurationList section */
		1FC5F2CA1CFEC76E00AE32FA /* Build configuration list for PBXProject "TestProject" */ = {
			isa = XCConfigurationList;
			buildConfigurations = (
				1FC5F2E41CFEC76F00AE32FA /* Debug */,
				1FC5F2E51CFEC76F00AE32FA /* Release */,
			);
			defaultConfigurationIsVisible = 0;
			defaultConfigurationName = Release;
		};
		1FC5F2E61CFEC76F00AE32FA /* Build configuration list for PBXNativeTarget "TestProject" */ = {
			isa = XCConfigurationList;
			buildConfigurations = (
				1FC5F2E71CFEC76F00AE32FA /* Debug */,
				1FC5F2E81CFEC76F00AE32FA /* Release */,
			);
			defaultConfigurationIsVisible = 0;
			defaultConfigurationName = Release;
		};
/* End XCConfigurationList section */
	};
	rootObject = 1FC5F2C71CFEC76E00AE32FA /* Project object */;
}
